
Microsoft Visual Studio Solution File, Format Version 12.00
# Visual Studio Version 17
VisualStudioVersion = 17.13.35913.81
MinimumVisualStudioVersion = 10.0.40219.1
Project("{FAE04EC0-301F-11D3-BF4B-00C04F79EFBC}") = "FranchisApi", "FranchisApi\FranchisApi.csproj", "{1B5CBDBC-B6D6-4365-97DA-F83B95D70511}"
EndProject
Project("{FAE04EC0-301F-11D3-BF4B-00C04F79EFBC}") = "FranchisService", "FranchisService\FranchisService.csproj", "{DE42E71C-6801-4B4E-878F-CE85E6D56D01}"
EndProject
Project("{FAE04EC0-301F-11D3-BF4B-00C04F79EFBC}") = "FranchiseRepository", "FranchiseRepository\FranchiseRepository.csproj", "{66C0F404-3ABD-4407-AB12-B995DA3887D5}"
EndProject
Project("{FAE04EC0-301F-11D3-BF4B-00C04F79EFBC}") = "FranchisTest", "FranchisTest\FranchisTest.csproj", "{39ECD428-C371-41B7-842A-A408B0CA09E6}"
EndProject
Global
	GlobalSection(SolutionConfigurationPlatforms) = preSolution
		Debug|Any CPU = Debug|Any CPU
		Release|Any CPU = Release|Any CPU
	EndGlobalSection
	GlobalSection(ProjectConfigurationPlatforms) = postSolution
		{1B5CBDBC-B6D6-4365-97DA-F83B95D70511}.Debug|Any CPU.ActiveCfg = Debug|Any CPU
		{1B5CBDBC-B6D6-4365-97DA-F83B95D70511}.Debug|Any CPU.Build.0 = Debug|Any CPU
		{1B5CBDBC-B6D6-4365-97DA-F83B95D70511}.Release|Any CPU.ActiveCfg = Release|Any CPU
		{1B5CBDBC-B6D6-4365-97DA-F83B95D70511}.Release|Any CPU.Build.0 = Release|Any CPU
		{DE42E71C-6801-4B4E-878F-CE85E6D56D01}.Debug|Any CPU.ActiveCfg = Debug|Any CPU
		{DE42E71C-6801-4B4E-878F-CE85E6D56D01}.Debug|Any CPU.Build.0 = Debug|Any CPU
		{DE42E71C-6801-4B4E-878F-CE85E6D56D01}.Release|Any CPU.ActiveCfg = Release|Any CPU
		{DE42E71C-6801-4B4E-878F-CE85E6D56D01}.Release|Any CPU.Build.0 = Release|Any CPU
		{66C0F404-3ABD-4407-AB12-B995DA3887D5}.Debug|Any CPU.ActiveCfg = Debug|Any CPU
		{66C0F404-3ABD-4407-AB12-B995DA3887D5}.Debug|Any CPU.Build.0 = Debug|Any CPU
		{66C0F404-3ABD-4407-AB12-B995DA3887D5}.Release|Any CPU.ActiveCfg = Release|Any CPU
		{66C0F404-3ABD-4407-AB12-B995DA3887D5}.Release|Any CPU.Build.0 = Release|Any CPU
		{39ECD428-C371-41B7-842A-A408B0CA09E6}.Debug|Any CPU.ActiveCfg = Debug|Any CPU
		{39ECD428-C371-41B7-842A-A408B0CA09E6}.Debug|Any CPU.Build.0 = Debug|Any CPU
		{39ECD428-C371-41B7-842A-A408B0CA09E6}.Release|Any CPU.ActiveCfg = Release|Any CPU
		{39ECD428-C371-41B7-842A-A408B0CA09E6}.Release|Any CPU.Build.0 = Release|Any CPU
	EndGlobalSection
	GlobalSection(SolutionProperties) = preSolution
		HideSolutionNode = FALSE
	EndGlobalSection
	GlobalSection(ExtensibilityGlobals) = postSolution
		SolutionGuid = {934A44A8-8A44-4F7A-B46E-A18A26F04C3A}
	EndGlobalSection
EndGlobal
